{
  "name": "@rrainpath/num-format",
  "version": "0.1.0",
  "lockfileVersion": 2,
  "requires": true,
  "packages": {
    "": {
      "name": "@rrainpath/num-format",
      "version": "0.1.0",
      "license": "MIT",
      "dependencies": {
        "@rrainpath/ts-utils": "^0.1.0"
      },
      "devDependencies": {
        "typescript": "^4.5.5"
      }
    },
    "node_modules/@rrainpath/ts-utils": {
      "version": "0.1.0",
      "resolved": "https://registry.npmjs.org/@rrainpath/ts-utils/-/ts-utils-0.1.0.tgz",
      "integrity": "sha512-L8vO0UbldDJO/Y6B31KpudToF+Za19FSoiBGs32chr3QS0RnH1V/UZvgwgySYcdbimBJstH+KvJp5em9RbzRUQ=="
    },
    "node_modules/typescript": {
      "version": "4.5.5",
      "resolved": "https://registry.npmjs.org/typescript/-/typescript-4.5.5.tgz",
      "integrity": "sha512-TCTIul70LyWe6IJWT8QSYeA54WQe8EjQFU4wY52Fasj5UKx88LNYKCgBEHcOMOrFF1rKGbD8v/xcNWVUq9SymA==",
      "dev": true,
      "bin": {
        "tsc": "bin/tsc",
        "tsserver": "bin/tsserver"
      },
      "engines": {
        "node": ">=4.2.0"
      }
    }
  },
  "dependencies": {
    "@rrainpath/ts-utils": {
      "version": "0.1.0",
      "resolved": "https://registry.npmjs.org/@rrainpath/ts-utils/-/ts-utils-0.1.0.tgz",
      "integrity": "sha512-L8vO0UbldDJO/Y6B31KpudToF+Za19FSoiBGs32chr3QS0RnH1V/UZvgwgySYcdbimBJstH+KvJp5em9RbzRUQ=="
    },
    "typescript": {
      "version": "4.5.5",
      "resolved": "https://registry.npmjs.org/typescript/-/typescript-4.5.5.tgz",
      "integrity": "sha512-TCTIul70LyWe6IJWT8QSYeA54WQe8EjQFU4wY52Fasj5UKx88LNYKCgBEHcOMOrFF1rKGbD8v/xcNWVUq9SymA==",
      "dev": true
    }
  }
}
